
Microsoft Visual Studio Solution File, Format Version 12.00
# Visual Studio 15
VisualStudioVersion = 15.0.28307.102
MinimumVisualStudioVersion = 10.0.40219.1
Project("{8BC9CEB8-8B4A-11D0-8D11-00A0C91BC942}") = "main.cpp", "main.cpp\main.cpp.vcxproj", "{A83B1BBA-ED82-46EE-B348-EDBAEA7B349C}"
EndProject
Project("{8BC9CEB8-8B4A-11D0-8D11-00A0C91BC942}") = "Pimpl_Pattern", "Pimpl_Pattern\Pimple_Pattern.vcxproj", "{3EF0B784-7057-4B9E-97AD-54E1370D46A9}"
EndProject
Global
	GlobalSection(SolutionConfigurationPlatforms) = preSolution
		Debug|x64 = Debug|x64
		Debug|x86 = Debug|x86
		Release|x64 = Release|x64
		Release|x86 = Release|x86
	EndGlobalSection
	GlobalSection(ProjectConfigurationPlatforms) = postSolution
		{A83B1BBA-ED82-46EE-B348-EDBAEA7B349C}.Debug|x64.ActiveCfg = Debug|x64
		{A83B1BBA-ED82-46EE-B348-EDBAEA7B349C}.Debug|x64.Build.0 = Debug|x64
		{A83B1BBA-ED82-46EE-B348-EDBAEA7B349C}.Debug|x86.ActiveCfg = Debug|Win32
		{A83B1BBA-ED82-46EE-B348-EDBAEA7B349C}.Debug|x86.Build.0 = Debug|Win32
		{A83B1BBA-ED82-46EE-B348-EDBAEA7B349C}.Release|x64.ActiveCfg = Release|x64
		{A83B1BBA-ED82-46EE-B348-EDBAEA7B349C}.Release|x64.Build.0 = Release|x64
		{A83B1BBA-ED82-46EE-B348-EDBAEA7B349C}.Release|x86.ActiveCfg = Release|Win32
		{A83B1BBA-ED82-46EE-B348-EDBAEA7B349C}.Release|x86.Build.0 = Release|Win32
		{3EF0B784-7057-4B9E-97AD-54E1370D46A9}.Debug|x64.ActiveCfg = Debug|x64
		{3EF0B784-7057-4B9E-97AD-54E1370D46A9}.Debug|x64.Build.0 = Debug|x64
		{3EF0B784-7057-4B9E-97AD-54E1370D46A9}.Debug|x86.ActiveCfg = Debug|Win32
		{3EF0B784-7057-4B9E-97AD-54E1370D46A9}.Debug|x86.Build.0 = Debug|Win32
		{3EF0B784-7057-4B9E-97AD-54E1370D46A9}.Release|x64.ActiveCfg = Release|x64
		{3EF0B784-7057-4B9E-97AD-54E1370D46A9}.Release|x64.Build.0 = Release|x64
		{3EF0B784-7057-4B9E-97AD-54E1370D46A9}.Release|x86.ActiveCfg = Release|Win32
		{3EF0B784-7057-4B9E-97AD-54E1370D46A9}.Release|x86.Build.0 = Release|Win32
	EndGlobalSection
	GlobalSection(SolutionProperties) = preSolution
		HideSolutionNode = FALSE
	EndGlobalSection
	GlobalSection(ExtensibilityGlobals) = postSolution
		SolutionGuid = {16E9AD25-1903-4430-858A-9EB5DE0DD21F}
	EndGlobalSection
EndGlobal
